<?xml version="1.0" encoding="UTF-8"?>
<CodeBlocks_project_file>
	<FileVersion major="1" minor="6"/>
	<Project>
		<Option title="main"/>
		<Option makefile_is_custom="1"/>
		<Option compiler="gcc"/>
		<Option virtualFolders="CMake Files\;CMake Files\..\;CMake Files\..\..\;CMake Files\..\..\..\;CMake Files\..\..\..\..\;CMake Files\..\..\..\..\..\;CMake Files\..\..\..\..\..\opt\;CMake Files\..\..\..\..\..\opt\Qt5.11.1\;CMake Files\..\..\..\..\..\opt\Qt5.11.1\5.11.1\;CMake Files\..\..\..\..\..\opt\Qt5.11.1\5.11.1\gcc_64\;CMake Files\..\..\..\..\..\opt\Qt5.11.1\5.11.1\gcc_64\lib\;CMake Files\..\..\..\..\..\opt\Qt5.11.1\5.11.1\gcc_64\lib\cmake\;CMake Files\..\..\..\..\..\opt\Qt5.11.1\5.11.1\gcc_64\lib\cmake\Qt5Charts\;CMake Files\..\..\..\..\..\opt\Qt5.11.1\5.11.1\gcc_64\lib\cmake\Qt5Widgets\;CMake Files\..\..\..\..\..\opt\Qt5.11.1\5.11.1\gcc_64\lib\cmake\Qt5Gui\;CMake Files\..\..\..\..\..\opt\Qt5.11.1\5.11.1\gcc_64\lib\cmake\Qt5Core\;CMake Files\..\..\..\..\..\opt\Qt5.11.1\5.11.1\gcc_64\lib\cmake\Qt5\;CMake Files\..\..\..\..\..\opt\Qt5.11.1\5.11.1\gcc_64\lib\cmake\Qt5Sql\;CMake Files\..\..\..\..\..\usr\;CMake Files\..\..\..\..\..\usr\local\;CMake Files\..\..\..\..\..\usr\local\lib\;CMake Files\..\..\..\..\..\usr\local\lib\cmake\;CMake Files\..\..\..\..\..\usr\local\lib\cmake\jsoncpp\;CMake Files\..\..\..\..\..\usr\local\lib\cmake\vtk-8.1\;CMake Files\..\..\..\..\..\usr\local\lib\cmake\vtk-8.1\Modules\;CMake Files\..\..\..\..\..\usr\local\share\;CMake Files\..\..\..\..\..\usr\local\share\pcl-1.9\;CMake Files\..\..\..\..\..\usr\local\share\pcl-1.9\Modules\;CMake Files\..\..\..\..\..\usr\local\share\OpenCV\;CMake Files\lib\;"/>
		<Build>
			<Target title="all">
				<Option working_dir="/home/wangguojun/source_code/curb_detection/detection/Release"/>
				<Option type="4"/>
				<MakeCommands>
					<Build command="/usr/bin/ninja -v all"/>
					<CompileFile command="/usr/bin/ninja -v &quot;$file&quot;"/>
					<Clean command="/usr/bin/ninja -v clean"/>
					<DistClean command="/usr/bin/ninja -v clean"/>
				</MakeCommands>
			</Target>
			<Target title="rebuild_cache">
				<Option working_dir="/home/wangguojun/source_code/curb_detection/detection/Release"/>
				<Option type="4"/>
				<MakeCommands>
					<Build command="/usr/bin/ninja -v rebuild_cache"/>
					<CompileFile command="/usr/bin/ninja -v &quot;$file&quot;"/>
					<Clean command="/usr/bin/ninja -v clean"/>
					<DistClean command="/usr/bin/ninja -v clean"/>
				</MakeCommands>
			</Target>
			<Target title="edit_cache">
				<Option working_dir="/home/wangguojun/source_code/curb_detection/detection/Release"/>
				<Option type="4"/>
				<MakeCommands>
					<Build command="/usr/bin/ninja -v edit_cache"/>
					<CompileFile command="/usr/bin/ninja -v &quot;$file&quot;"/>
					<Clean command="/usr/bin/ninja -v clean"/>
					<DistClean command="/usr/bin/ninja -v clean"/>
				</MakeCommands>
			</Target>
			<Target title="main">
				<Option output="/home/wangguojun/source_code/curb_detection/detection/Release/main" prefix_auto="0" extension_auto="0"/>
				<Option working_dir="/home/wangguojun/source_code/curb_detection/detection/Release"/>
				<Option object_output="./"/>
				<Option type="1"/>
				<Option compiler="gcc"/>
				<Compiler>
					<Add option="-DvtkDomainsChemistry_AUTOINIT=1(vtkDomainsChemistryOpenGL2)"/>
					<Add option="-DvtkIOExport_AUTOINIT=1(vtkIOExportOpenGL2)"/>
					<Add option="-DvtkRenderingContext2D_AUTOINIT=1(vtkRenderingContextOpenGL2)"/>
					<Add option="-DvtkRenderingCore_AUTOINIT=3(vtkInteractionStyle,vtkRenderingFreeType,vtkRenderingOpenGL2)"/>
					<Add option="-DvtkRenderingOpenGL2_AUTOINIT=1(vtkRenderingGL2PSOpenGL2)"/>
					<Add option="-DvtkRenderingVolume_AUTOINIT=1(vtkRenderingVolumeOpenGL2)"/>
					<Add option="-Dqh_QHpointer"/>
					<Add option="-DDISABLE_PCAP"/>
					<Add option="-DDISABLE_PNG"/>
					<Add option="-DDISABLE_LIBUSB_1_0"/>
					<Add option="-DQT_WIDGETS_LIB"/>
					<Add option="-DQT_GUI_LIB"/>
					<Add option="-DQT_CORE_LIB"/>
					<Add option="-DQT_NO_DEBUG"/>
					<Add option="-DQT_SQL_LIB"/>
					<Add directory="/opt/Qt5.11.1/5.11.1/gcc_64/include/QtCharts"/>
					<Add directory="/home/wangguojun/source_code/curb_detection/detection/./lib"/>
					<Add directory="/home/wangguojun/3rdLibrary/limbo/src"/>
					<Add directory="/usr/local/include/vtk-8.1"/>
					<Add directory="/usr/local/include/pcl-1.9"/>
					<Add directory="/usr/local/include/eigen3"/>
					<Add directory="/usr/include/ni"/>
					<Add directory="/usr/include/openni2"/>
					<Add directory="/usr/local/include"/>
					<Add directory="/usr/local/include/opencv"/>
					<Add directory="/opt/Qt5.11.1/5.11.1/gcc_64/include"/>
					<Add directory="/opt/Qt5.11.1/5.11.1/gcc_64/include/QtWidgets"/>
					<Add directory="/opt/Qt5.11.1/5.11.1/gcc_64/include/QtGui"/>
					<Add directory="/opt/Qt5.11.1/5.11.1/gcc_64/include/QtCore"/>
					<Add directory="/opt/Qt5.11.1/5.11.1/gcc_64/./mkspecs/linux-g++"/>
					<Add directory="/opt/Qt5.11.1/5.11.1/gcc_64/include/QtSql"/>
					<Add directory="/usr/include/c++/5"/>
					<Add directory="/usr/include/x86_64-linux-gnu/c++/5"/>
					<Add directory="/usr/include/c++/5/backward"/>
					<Add directory="/usr/lib/gcc/x86_64-linux-gnu/5/include"/>
					<Add directory="/usr/lib/gcc/x86_64-linux-gnu/5/include-fixed"/>
					<Add directory="/usr/include/x86_64-linux-gnu"/>
					<Add directory="/usr/include"/>
				</Compiler>
				<MakeCommands>
					<Build command="/usr/bin/ninja -v main"/>
					<CompileFile command="/usr/bin/ninja -v &quot;$file&quot;"/>
					<Clean command="/usr/bin/ninja -v clean"/>
					<DistClean command="/usr/bin/ninja -v clean"/>
				</MakeCommands>
			</Target>
			<Target title="main/fast">
				<Option output="/home/wangguojun/source_code/curb_detection/detection/Release/main" prefix_auto="0" extension_auto="0"/>
				<Option working_dir="/home/wangguojun/source_code/curb_detection/detection/Release"/>
				<Option object_output="./"/>
				<Option type="1"/>
				<Option compiler="gcc"/>
				<Compiler>
					<Add option="-DvtkDomainsChemistry_AUTOINIT=1(vtkDomainsChemistryOpenGL2)"/>
					<Add option="-DvtkIOExport_AUTOINIT=1(vtkIOExportOpenGL2)"/>
					<Add option="-DvtkRenderingContext2D_AUTOINIT=1(vtkRenderingContextOpenGL2)"/>
					<Add option="-DvtkRenderingCore_AUTOINIT=3(vtkInteractionStyle,vtkRenderingFreeType,vtkRenderingOpenGL2)"/>
					<Add option="-DvtkRenderingOpenGL2_AUTOINIT=1(vtkRenderingGL2PSOpenGL2)"/>
					<Add option="-DvtkRenderingVolume_AUTOINIT=1(vtkRenderingVolumeOpenGL2)"/>
					<Add option="-Dqh_QHpointer"/>
					<Add option="-DDISABLE_PCAP"/>
					<Add option="-DDISABLE_PNG"/>
					<Add option="-DDISABLE_LIBUSB_1_0"/>
					<Add option="-DQT_WIDGETS_LIB"/>
					<Add option="-DQT_GUI_LIB"/>
					<Add option="-DQT_CORE_LIB"/>
					<Add option="-DQT_NO_DEBUG"/>
					<Add option="-DQT_SQL_LIB"/>
					<Add directory="/opt/Qt5.11.1/5.11.1/gcc_64/include/QtCharts"/>
					<Add directory="/home/wangguojun/source_code/curb_detection/detection/./lib"/>
					<Add directory="/home/wangguojun/3rdLibrary/limbo/src"/>
					<Add directory="/usr/local/include/vtk-8.1"/>
					<Add directory="/usr/local/include/pcl-1.9"/>
					<Add directory="/usr/local/include/eigen3"/>
					<Add directory="/usr/include/ni"/>
					<Add directory="/usr/include/openni2"/>
					<Add directory="/usr/local/include"/>
					<Add directory="/usr/local/include/opencv"/>
					<Add directory="/opt/Qt5.11.1/5.11.1/gcc_64/include"/>
					<Add directory="/opt/Qt5.11.1/5.11.1/gcc_64/include/QtWidgets"/>
					<Add directory="/opt/Qt5.11.1/5.11.1/gcc_64/include/QtGui"/>
					<Add directory="/opt/Qt5.11.1/5.11.1/gcc_64/include/QtCore"/>
					<Add directory="/opt/Qt5.11.1/5.11.1/gcc_64/./mkspecs/linux-g++"/>
					<Add directory="/opt/Qt5.11.1/5.11.1/gcc_64/include/QtSql"/>
					<Add directory="/usr/include/c++/5"/>
					<Add directory="/usr/include/x86_64-linux-gnu/c++/5"/>
					<Add directory="/usr/include/c++/5/backward"/>
					<Add directory="/usr/lib/gcc/x86_64-linux-gnu/5/include"/>
					<Add directory="/usr/lib/gcc/x86_64-linux-gnu/5/include-fixed"/>
					<Add directory="/usr/include/x86_64-linux-gnu"/>
					<Add directory="/usr/include"/>
				</Compiler>
				<MakeCommands>
					<Build command="/usr/bin/ninja -v main/fast"/>
					<CompileFile command="/usr/bin/ninja -v &quot;$file&quot;"/>
					<Clean command="/usr/bin/ninja -v clean"/>
					<DistClean command="/usr/bin/ninja -v clean"/>
				</MakeCommands>
			</Target>
			<Target title="extract">
				<Option output="/home/wangguojun/source_code/curb_detection/detection/Release/lib/libextract.a" prefix_auto="0" extension_auto="0"/>
				<Option working_dir="/home/wangguojun/source_code/curb_detection/detection/Release/lib"/>
				<Option object_output="./"/>
				<Option type="2"/>
				<Option compiler="gcc"/>
				<Compiler>
					<Add option="-DvtkDomainsChemistry_AUTOINIT=1(vtkDomainsChemistryOpenGL2)"/>
					<Add option="-DvtkIOExport_AUTOINIT=1(vtkIOExportOpenGL2)"/>
					<Add option="-DvtkRenderingContext2D_AUTOINIT=1(vtkRenderingContextOpenGL2)"/>
					<Add option="-DvtkRenderingCore_AUTOINIT=3(vtkInteractionStyle,vtkRenderingFreeType,vtkRenderingOpenGL2)"/>
					<Add option="-DvtkRenderingOpenGL2_AUTOINIT=1(vtkRenderingGL2PSOpenGL2)"/>
					<Add option="-DvtkRenderingVolume_AUTOINIT=1(vtkRenderingVolumeOpenGL2)"/>
					<Add option="-Dqh_QHpointer"/>
					<Add option="-DDISABLE_PCAP"/>
					<Add option="-DDISABLE_PNG"/>
					<Add option="-DDISABLE_LIBUSB_1_0"/>
					<Add option="-DQT_WIDGETS_LIB"/>
					<Add option="-DQT_GUI_LIB"/>
					<Add option="-DQT_CORE_LIB"/>
					<Add option="-DQT_NO_DEBUG"/>
					<Add option="-DQT_SQL_LIB"/>
					<Add directory="/opt/Qt5.11.1/5.11.1/gcc_64/include/QtCharts"/>
					<Add directory="/home/wangguojun/source_code/curb_detection/detection/./lib"/>
					<Add directory="/home/wangguojun/3rdLibrary/limbo/src"/>
					<Add directory="/home/wangguojun/source_code/libgp/include"/>
					<Add directory="/usr/local/include/vtk-8.1"/>
					<Add directory="/usr/local/include/pcl-1.9"/>
					<Add directory="/usr/local/include/eigen3"/>
					<Add directory="/usr/include/ni"/>
					<Add directory="/usr/include/openni2"/>
					<Add directory="/usr/local/include"/>
					<Add directory="/usr/local/include/opencv"/>
					<Add directory="/opt/Qt5.11.1/5.11.1/gcc_64/include"/>
					<Add directory="/opt/Qt5.11.1/5.11.1/gcc_64/include/QtWidgets"/>
					<Add directory="/opt/Qt5.11.1/5.11.1/gcc_64/include/QtGui"/>
					<Add directory="/opt/Qt5.11.1/5.11.1/gcc_64/include/QtCore"/>
					<Add directory="/opt/Qt5.11.1/5.11.1/gcc_64/./mkspecs/linux-g++"/>
					<Add directory="/opt/Qt5.11.1/5.11.1/gcc_64/include/QtSql"/>
					<Add directory="/usr/include/c++/5"/>
					<Add directory="/usr/include/x86_64-linux-gnu/c++/5"/>
					<Add directory="/usr/include/c++/5/backward"/>
					<Add directory="/usr/lib/gcc/x86_64-linux-gnu/5/include"/>
					<Add directory="/usr/lib/gcc/x86_64-linux-gnu/5/include-fixed"/>
					<Add directory="/usr/include/x86_64-linux-gnu"/>
					<Add directory="/usr/include"/>
				</Compiler>
				<MakeCommands>
					<Build command="/usr/bin/ninja -v extract"/>
					<CompileFile command="/usr/bin/ninja -v &quot;$file&quot;"/>
					<Clean command="/usr/bin/ninja -v clean"/>
					<DistClean command="/usr/bin/ninja -v clean"/>
				</MakeCommands>
			</Target>
			<Target title="extract/fast">
				<Option output="/home/wangguojun/source_code/curb_detection/detection/Release/lib/libextract.a" prefix_auto="0" extension_auto="0"/>
				<Option working_dir="/home/wangguojun/source_code/curb_detection/detection/Release/lib"/>
				<Option object_output="./"/>
				<Option type="2"/>
				<Option compiler="gcc"/>
				<Compiler>
					<Add option="-DvtkDomainsChemistry_AUTOINIT=1(vtkDomainsChemistryOpenGL2)"/>
					<Add option="-DvtkIOExport_AUTOINIT=1(vtkIOExportOpenGL2)"/>
					<Add option="-DvtkRenderingContext2D_AUTOINIT=1(vtkRenderingContextOpenGL2)"/>
					<Add option="-DvtkRenderingCore_AUTOINIT=3(vtkInteractionStyle,vtkRenderingFreeType,vtkRenderingOpenGL2)"/>
					<Add option="-DvtkRenderingOpenGL2_AUTOINIT=1(vtkRenderingGL2PSOpenGL2)"/>
					<Add option="-DvtkRenderingVolume_AUTOINIT=1(vtkRenderingVolumeOpenGL2)"/>
					<Add option="-Dqh_QHpointer"/>
					<Add option="-DDISABLE_PCAP"/>
					<Add option="-DDISABLE_PNG"/>
					<Add option="-DDISABLE_LIBUSB_1_0"/>
					<Add option="-DQT_WIDGETS_LIB"/>
					<Add option="-DQT_GUI_LIB"/>
					<Add option="-DQT_CORE_LIB"/>
					<Add option="-DQT_NO_DEBUG"/>
					<Add option="-DQT_SQL_LIB"/>
					<Add directory="/opt/Qt5.11.1/5.11.1/gcc_64/include/QtCharts"/>
					<Add directory="/home/wangguojun/source_code/curb_detection/detection/./lib"/>
					<Add directory="/home/wangguojun/3rdLibrary/limbo/src"/>
					<Add directory="/home/wangguojun/source_code/libgp/include"/>
					<Add directory="/usr/local/include/vtk-8.1"/>
					<Add directory="/usr/local/include/pcl-1.9"/>
					<Add directory="/usr/local/include/eigen3"/>
					<Add directory="/usr/include/ni"/>
					<Add directory="/usr/include/openni2"/>
					<Add directory="/usr/local/include"/>
					<Add directory="/usr/local/include/opencv"/>
					<Add directory="/opt/Qt5.11.1/5.11.1/gcc_64/include"/>
					<Add directory="/opt/Qt5.11.1/5.11.1/gcc_64/include/QtWidgets"/>
					<Add directory="/opt/Qt5.11.1/5.11.1/gcc_64/include/QtGui"/>
					<Add directory="/opt/Qt5.11.1/5.11.1/gcc_64/include/QtCore"/>
					<Add directory="/opt/Qt5.11.1/5.11.1/gcc_64/./mkspecs/linux-g++"/>
					<Add directory="/opt/Qt5.11.1/5.11.1/gcc_64/include/QtSql"/>
					<Add directory="/usr/include/c++/5"/>
					<Add directory="/usr/include/x86_64-linux-gnu/c++/5"/>
					<Add directory="/usr/include/c++/5/backward"/>
					<Add directory="/usr/lib/gcc/x86_64-linux-gnu/5/include"/>
					<Add directory="/usr/lib/gcc/x86_64-linux-gnu/5/include-fixed"/>
					<Add directory="/usr/include/x86_64-linux-gnu"/>
					<Add directory="/usr/include"/>
				</Compiler>
				<MakeCommands>
					<Build command="/usr/bin/ninja -v extract/fast"/>
					<CompileFile command="/usr/bin/ninja -v &quot;$file&quot;"/>
					<Clean command="/usr/bin/ninja -v clean"/>
					<DistClean command="/usr/bin/ninja -v clean"/>
				</MakeCommands>
			</Target>
		</Build>
		<Unit filename="/home/wangguojun/source_code/curb_detection/detection/lib/cloud_mapper.cpp">
			<Option target="extract"/>
		</Unit>
		<Unit filename="/home/wangguojun/source_code/curb_detection/detection/lib/cloud_mapper.h">
			<Option target="extract"/>
		</Unit>
		<Unit filename="/home/wangguojun/source_code/curb_detection/detection/lib/curb_point.cpp">
			<Option target="extract"/>
		</Unit>
		<Unit filename="/home/wangguojun/source_code/curb_detection/detection/lib/curb_point.h">
			<Option target="extract"/>
		</Unit>
		<Unit filename="/home/wangguojun/source_code/curb_detection/detection/lib/curb_refine_ransac.cpp">
			<Option target="extract"/>
		</Unit>
		<Unit filename="/home/wangguojun/source_code/curb_detection/detection/lib/curb_refine_ransac.h">
			<Option target="extract"/>
		</Unit>
		<Unit filename="/home/wangguojun/source_code/curb_detection/detection/lib/curbfit.cpp">
			<Option target="extract"/>
		</Unit>
		<Unit filename="/home/wangguojun/source_code/curb_detection/detection/lib/curbfit.h">
			<Option target="extract"/>
		</Unit>
		<Unit filename="/home/wangguojun/source_code/curb_detection/detection/lib/gaussian_process.cpp">
			<Option target="extract"/>
		</Unit>
		<Unit filename="/home/wangguojun/source_code/curb_detection/detection/lib/gaussian_process.h">
			<Option target="extract"/>
		</Unit>
		<Unit filename="/home/wangguojun/source_code/curb_detection/detection/lib/grid_map.cpp">
			<Option target="extract"/>
		</Unit>
		<Unit filename="/home/wangguojun/source_code/curb_detection/detection/lib/grid_map.h">
			<Option target="extract"/>
		</Unit>
		<Unit filename="/home/wangguojun/source_code/curb_detection/detection/lib/ground_segment.cpp">
			<Option target="extract"/>
		</Unit>
		<Unit filename="/home/wangguojun/source_code/curb_detection/detection/lib/ground_segment.h">
			<Option target="extract"/>
		</Unit>
		<Unit filename="/home/wangguojun/source_code/curb_detection/detection/lib/myfilter.cpp">
			<Option target="extract"/>
		</Unit>
		<Unit filename="/home/wangguojun/source_code/curb_detection/detection/lib/myfilter.h">
			<Option target="extract"/>
		</Unit>
		<Unit filename="/home/wangguojun/source_code/curb_detection/detection/lib/read_bin.cpp">
			<Option target="extract"/>
		</Unit>
		<Unit filename="/home/wangguojun/source_code/curb_detection/detection/lib/read_bin.h">
			<Option target="extract"/>
		</Unit>
		<Unit filename="/home/wangguojun/source_code/curb_detection/detection/lib/read_frametransform.cpp">
			<Option target="extract"/>
		</Unit>
		<Unit filename="/home/wangguojun/source_code/curb_detection/detection/lib/read_frametransform.h">
			<Option target="extract"/>
		</Unit>
		<Unit filename="/home/wangguojun/source_code/curb_detection/detection/lib/read_pose.cpp">
			<Option target="extract"/>
		</Unit>
		<Unit filename="/home/wangguojun/source_code/curb_detection/detection/lib/read_pose.h">
			<Option target="extract"/>
		</Unit>
		<Unit filename="/home/wangguojun/source_code/curb_detection/detection/lib/rectify.cpp">
			<Option target="extract"/>
		</Unit>
		<Unit filename="/home/wangguojun/source_code/curb_detection/detection/lib/rectify.h">
			<Option target="extract"/>
		</Unit>
		<Unit filename="/home/wangguojun/source_code/curb_detection/detection/lib/road_segmentation.cpp">
			<Option target="extract"/>
		</Unit>
		<Unit filename="/home/wangguojun/source_code/curb_detection/detection/lib/road_segmentation.h">
			<Option target="extract"/>
		</Unit>
		<Unit filename="/home/wangguojun/source_code/curb_detection/detection/lib/tracking.cpp">
			<Option target="extract"/>
		</Unit>
		<Unit filename="/home/wangguojun/source_code/curb_detection/detection/lib/tracking.h">
			<Option target="extract"/>
		</Unit>
		<Unit filename="/home/wangguojun/source_code/curb_detection/detection/main.cpp">
			<Option target="main"/>
		</Unit>
		<Unit filename="/home/wangguojun/source_code/curb_detection/detection/CMakeLists.txt">
			<Option virtualFolder="CMake Files\"/>
		</Unit>
		<Unit filename="/home/wangguojun/source_code/curb_detection/detection/../../../../../opt/Qt5.11.1/5.11.1/gcc_64/lib/cmake/Qt5Charts/Qt5ChartsConfig.cmake">
			<Option virtualFolder="CMake Files\..\..\..\..\..\opt\Qt5.11.1\5.11.1\gcc_64\lib\cmake\Qt5Charts\"/>
		</Unit>
		<Unit filename="/home/wangguojun/source_code/curb_detection/detection/../../../../../opt/Qt5.11.1/5.11.1/gcc_64/lib/cmake/Qt5Charts/Qt5ChartsConfigVersion.cmake">
			<Option virtualFolder="CMake Files\..\..\..\..\..\opt\Qt5.11.1\5.11.1\gcc_64\lib\cmake\Qt5Charts\"/>
		</Unit>
		<Unit filename="/home/wangguojun/source_code/curb_detection/detection/../../../../../opt/Qt5.11.1/5.11.1/gcc_64/lib/cmake/Qt5Widgets/Qt5WidgetsConfig.cmake">
			<Option virtualFolder="CMake Files\..\..\..\..\..\opt\Qt5.11.1\5.11.1\gcc_64\lib\cmake\Qt5Widgets\"/>
		</Unit>
		<Unit filename="/home/wangguojun/source_code/curb_detection/detection/../../../../../opt/Qt5.11.1/5.11.1/gcc_64/lib/cmake/Qt5Widgets/Qt5WidgetsConfigExtras.cmake">
			<Option virtualFolder="CMake Files\..\..\..\..\..\opt\Qt5.11.1\5.11.1\gcc_64\lib\cmake\Qt5Widgets\"/>
		</Unit>
		<Unit filename="/home/wangguojun/source_code/curb_detection/detection/../../../../../opt/Qt5.11.1/5.11.1/gcc_64/lib/cmake/Qt5Widgets/Qt5WidgetsConfigVersion.cmake">
			<Option virtualFolder="CMake Files\..\..\..\..\..\opt\Qt5.11.1\5.11.1\gcc_64\lib\cmake\Qt5Widgets\"/>
		</Unit>
		<Unit filename="/home/wangguojun/source_code/curb_detection/detection/../../../../../opt/Qt5.11.1/5.11.1/gcc_64/lib/cmake/Qt5Widgets/Qt5WidgetsMacros.cmake">
			<Option virtualFolder="CMake Files\..\..\..\..\..\opt\Qt5.11.1\5.11.1\gcc_64\lib\cmake\Qt5Widgets\"/>
		</Unit>
		<Unit filename="/home/wangguojun/source_code/curb_detection/detection/../../../../../opt/Qt5.11.1/5.11.1/gcc_64/lib/cmake/Qt5Gui/Qt5GuiConfig.cmake">
			<Option virtualFolder="CMake Files\..\..\..\..\..\opt\Qt5.11.1\5.11.1\gcc_64\lib\cmake\Qt5Gui\"/>
		</Unit>
		<Unit filename="/home/wangguojun/source_code/curb_detection/detection/../../../../../opt/Qt5.11.1/5.11.1/gcc_64/lib/cmake/Qt5Gui/Qt5GuiConfigExtras.cmake">
			<Option virtualFolder="CMake Files\..\..\..\..\..\opt\Qt5.11.1\5.11.1\gcc_64\lib\cmake\Qt5Gui\"/>
		</Unit>
		<Unit filename="/home/wangguojun/source_code/curb_detection/detection/../../../../../opt/Qt5.11.1/5.11.1/gcc_64/lib/cmake/Qt5Gui/Qt5GuiConfigVersion.cmake">
			<Option virtualFolder="CMake Files\..\..\..\..\..\opt\Qt5.11.1\5.11.1\gcc_64\lib\cmake\Qt5Gui\"/>
		</Unit>
		<Unit filename="/home/wangguojun/source_code/curb_detection/detection/../../../../../opt/Qt5.11.1/5.11.1/gcc_64/lib/cmake/Qt5Gui/Qt5Gui_QComposePlatformInputContextPlugin.cmake">
			<Option virtualFolder="CMake Files\..\..\..\..\..\opt\Qt5.11.1\5.11.1\gcc_64\lib\cmake\Qt5Gui\"/>
		</Unit>
		<Unit filename="/home/wangguojun/source_code/curb_detection/detection/../../../../../opt/Qt5.11.1/5.11.1/gcc_64/lib/cmake/Qt5Gui/Qt5Gui_QEglFSEmulatorIntegrationPlugin.cmake">
			<Option virtualFolder="CMake Files\..\..\..\..\..\opt\Qt5.11.1\5.11.1\gcc_64\lib\cmake\Qt5Gui\"/>
		</Unit>
		<Unit filename="/home/wangguojun/source_code/curb_detection/detection/../../../../../opt/Qt5.11.1/5.11.1/gcc_64/lib/cmake/Qt5Gui/Qt5Gui_QEglFSIntegrationPlugin.cmake">
			<Option virtualFolder="CMake Files\..\..\..\..\..\opt\Qt5.11.1\5.11.1\gcc_64\lib\cmake\Qt5Gui\"/>
		</Unit>
		<Unit filename="/home/wangguojun/source_code/curb_detection/detection/../../../../../opt/Qt5.11.1/5.11.1/gcc_64/lib/cmake/Qt5Gui/Qt5Gui_QEglFSKmsEglDeviceIntegrationPlugin.cmake">
			<Option virtualFolder="CMake Files\..\..\..\..\..\opt\Qt5.11.1\5.11.1\gcc_64\lib\cmake\Qt5Gui\"/>
		</Unit>
		<Unit filename="/home/wangguojun/source_code/curb_detection/detection/../../../../../opt/Qt5.11.1/5.11.1/gcc_64/lib/cmake/Qt5Gui/Qt5Gui_QEglFSX11IntegrationPlugin.cmake">
			<Option virtualFolder="CMake Files\..\..\..\..\..\opt\Qt5.11.1\5.11.1\gcc_64\lib\cmake\Qt5Gui\"/>
		</Unit>
		<Unit filename="/home/wangguojun/source_code/curb_detection/detection/../../../../../opt/Qt5.11.1/5.11.1/gcc_64/lib/cmake/Qt5Gui/Qt5Gui_QEvdevKeyboardPlugin.cmake">
			<Option virtualFolder="CMake Files\..\..\..\..\..\opt\Qt5.11.1\5.11.1\gcc_64\lib\cmake\Qt5Gui\"/>
		</Unit>
		<Unit filename="/home/wangguojun/source_code/curb_detection/detection/../../../../../opt/Qt5.11.1/5.11.1/gcc_64/lib/cmake/Qt5Gui/Qt5Gui_QEvdevMousePlugin.cmake">
			<Option virtualFolder="CMake Files\..\..\..\..\..\opt\Qt5.11.1\5.11.1\gcc_64\lib\cmake\Qt5Gui\"/>
		</Unit>
		<Unit filename="/home/wangguojun/source_code/curb_detection/detection/../../../../../opt/Qt5.11.1/5.11.1/gcc_64/lib/cmake/Qt5Gui/Qt5Gui_QEvdevTabletPlugin.cmake">
			<Option virtualFolder="CMake Files\..\..\..\..\..\opt\Qt5.11.1\5.11.1\gcc_64\lib\cmake\Qt5Gui\"/>
		</Unit>
		<Unit filename="/home/wangguojun/source_code/curb_detection/detection/../../../../../opt/Qt5.11.1/5.11.1/gcc_64/lib/cmake/Qt5Gui/Qt5Gui_QEvdevTouchScreenPlugin.cmake">
			<Option virtualFolder="CMake Files\..\..\..\..\..\opt\Qt5.11.1\5.11.1\gcc_64\lib\cmake\Qt5Gui\"/>
		</Unit>
		<Unit filename="/home/wangguojun/source_code/curb_detection/detection/../../../../../opt/Qt5.11.1/5.11.1/gcc_64/lib/cmake/Qt5Gui/Qt5Gui_QFlatpakThemePlugin.cmake">
			<Option virtualFolder="CMake Files\..\..\..\..\..\opt\Qt5.11.1\5.11.1\gcc_64\lib\cmake\Qt5Gui\"/>
		</Unit>
		<Unit filename="/home/wangguojun/source_code/curb_detection/detection/../../../../../opt/Qt5.11.1/5.11.1/gcc_64/lib/cmake/Qt5Gui/Qt5Gui_QGifPlugin.cmake">
			<Option virtualFolder="CMake Files\..\..\..\..\..\opt\Qt5.11.1\5.11.1\gcc_64\lib\cmake\Qt5Gui\"/>
		</Unit>
		<Unit filename="/home/wangguojun/source_code/curb_detection/detection/../../../../../opt/Qt5.11.1/5.11.1/gcc_64/lib/cmake/Qt5Gui/Qt5Gui_QGtk3ThemePlugin.cmake">
			<Option virtualFolder="CMake Files\..\..\..\..\..\opt\Qt5.11.1\5.11.1\gcc_64\lib\cmake\Qt5Gui\"/>
		</Unit>
		<Unit filename="/home/wangguojun/source_code/curb_detection/detection/../../../../../opt/Qt5.11.1/5.11.1/gcc_64/lib/cmake/Qt5Gui/Qt5Gui_QICNSPlugin.cmake">
			<Option virtualFolder="CMake Files\..\..\..\..\..\opt\Qt5.11.1\5.11.1\gcc_64\lib\cmake\Qt5Gui\"/>
		</Unit>
		<Unit filename="/home/wangguojun/source_code/curb_detection/detection/../../../../../opt/Qt5.11.1/5.11.1/gcc_64/lib/cmake/Qt5Gui/Qt5Gui_QICOPlugin.cmake">
			<Option virtualFolder="CMake Files\..\..\..\..\..\opt\Qt5.11.1\5.11.1\gcc_64\lib\cmake\Qt5Gui\"/>
		</Unit>
		<Unit filename="/home/wangguojun/source_code/curb_detection/detection/../../../../../opt/Qt5.11.1/5.11.1/gcc_64/lib/cmake/Qt5Gui/Qt5Gui_QIbusPlatformInputContextPlugin.cmake">
			<Option virtualFolder="CMake Files\..\..\..\..\..\opt\Qt5.11.1\5.11.1\gcc_64\lib\cmake\Qt5Gui\"/>
		</Unit>
		<Unit filename="/home/wangguojun/source_code/curb_detection/detection/../../../../../opt/Qt5.11.1/5.11.1/gcc_64/lib/cmake/Qt5Gui/Qt5Gui_QJpegPlugin.cmake">
			<Option virtualFolder="CMake Files\..\..\..\..\..\opt\Qt5.11.1\5.11.1\gcc_64\lib\cmake\Qt5Gui\"/>
		</Unit>
		<Unit filename="/home/wangguojun/source_code/curb_detection/detection/../../../../../opt/Qt5.11.1/5.11.1/gcc_64/lib/cmake/Qt5Gui/Qt5Gui_QLinuxFbIntegrationPlugin.cmake">
			<Option virtualFolder="CMake Files\..\..\..\..\..\opt\Qt5.11.1\5.11.1\gcc_64\lib\cmake\Qt5Gui\"/>
		</Unit>
		<Unit filename="/home/wangguojun/source_code/curb_detection/detection/../../../../../opt/Qt5.11.1/5.11.1/gcc_64/lib/cmake/Qt5Gui/Qt5Gui_QMinimalEglIntegrationPlugin.cmake">
			<Option virtualFolder="CMake Files\..\..\..\..\..\opt\Qt5.11.1\5.11.1\gcc_64\lib\cmake\Qt5Gui\"/>
		</Unit>
		<Unit filename="/home/wangguojun/source_code/curb_detection/detection/../../../../../opt/Qt5.11.1/5.11.1/gcc_64/lib/cmake/Qt5Gui/Qt5Gui_QMinimalIntegrationPlugin.cmake">
			<Option virtualFolder="CMake Files\..\..\..\..\..\opt\Qt5.11.1\5.11.1\gcc_64\lib\cmake\Qt5Gui\"/>
		</Unit>
		<Unit filename="/home/wangguojun/source_code/curb_detection/detection/../../../../../opt/Qt5.11.1/5.11.1/gcc_64/lib/cmake/Qt5Gui/Qt5Gui_QOffscreenIntegrationPlugin.cmake">
			<Option virtualFolder="CMake Files\..\..\..\..\..\opt\Qt5.11.1\5.11.1\gcc_64\lib\cmake\Qt5Gui\"/>
		</Unit>
		<Unit filename="/home/wangguojun/source_code/curb_detection/detection/../../../../../opt/Qt5.11.1/5.11.1/gcc_64/lib/cmake/Qt5Gui/Qt5Gui_QTgaPlugin.cmake">
			<Option virtualFolder="CMake Files\..\..\..\..\..\opt\Qt5.11.1\5.11.1\gcc_64\lib\cmake\Qt5Gui\"/>
		</Unit>
		<Unit filename="/home/wangguojun/source_code/curb_detection/detection/../../../../../opt/Qt5.11.1/5.11.1/gcc_64/lib/cmake/Qt5Gui/Qt5Gui_QTiffPlugin.cmake">
			<Option virtualFolder="CMake Files\..\..\..\..\..\opt\Qt5.11.1\5.11.1\gcc_64\lib\cmake\Qt5Gui\"/>
		</Unit>
		<Unit filename="/home/wangguojun/source_code/curb_detection/detection/../../../../../opt/Qt5.11.1/5.11.1/gcc_64/lib/cmake/Qt5Gui/Qt5Gui_QTuioTouchPlugin.cmake">
			<Option virtualFolder="CMake Files\..\..\..\..\..\opt\Qt5.11.1\5.11.1\gcc_64\lib\cmake\Qt5Gui\"/>
		</Unit>
		<Unit filename="/home/wangguojun/source_code/curb_detection/detection/../../../../../opt/Qt5.11.1/5.11.1/gcc_64/lib/cmake/Qt5Gui/Qt5Gui_QVirtualKeyboardPlugin.cmake">
			<Option virtualFolder="CMake Files\..\..\..\..\..\opt\Qt5.11.1\5.11.1\gcc_64\lib\cmake\Qt5Gui\"/>
		</Unit>
		<Unit filename="/home/wangguojun/source_code/curb_detection/detection/../../../../../opt/Qt5.11.1/5.11.1/gcc_64/lib/cmake/Qt5Gui/Qt5Gui_QVncIntegrationPlugin.cmake">
			<Option virtualFolder="CMake Files\..\..\..\..\..\opt\Qt5.11.1\5.11.1\gcc_64\lib\cmake\Qt5Gui\"/>
		</Unit>
		<Unit filename="/home/wangguojun/source_code/curb_detection/detection/../../../../../opt/Qt5.11.1/5.11.1/gcc_64/lib/cmake/Qt5Gui/Qt5Gui_QWaylandEglPlatformIntegrationPlugin.cmake">
			<Option virtualFolder="CMake Files\..\..\..\..\..\opt\Qt5.11.1\5.11.1\gcc_64\lib\cmake\Qt5Gui\"/>
		</Unit>
		<Unit filename="/home/wangguojun/source_code/curb_detection/detection/../../../../../opt/Qt5.11.1/5.11.1/gcc_64/lib/cmake/Qt5Gui/Qt5Gui_QWaylandIntegrationPlugin.cmake">
			<Option virtualFolder="CMake Files\..\..\..\..\..\opt\Qt5.11.1\5.11.1\gcc_64\lib\cmake\Qt5Gui\"/>
		</Unit>
		<Unit filename="/home/wangguojun/source_code/curb_detection/detection/../../../../../opt/Qt5.11.1/5.11.1/gcc_64/lib/cmake/Qt5Gui/Qt5Gui_QWaylandXCompositeEglPlatformIntegrationPlugin.cmake">
			<Option virtualFolder="CMake Files\..\..\..\..\..\opt\Qt5.11.1\5.11.1\gcc_64\lib\cmake\Qt5Gui\"/>
		</Unit>
		<Unit filename="/home/wangguojun/source_code/curb_detection/detection/../../../../../opt/Qt5.11.1/5.11.1/gcc_64/lib/cmake/Qt5Gui/Qt5Gui_QWaylandXCompositeGlxPlatformIntegrationPlugin.cmake">
			<Option virtualFolder="CMake Files\..\..\..\..\..\opt\Qt5.11.1\5.11.1\gcc_64\lib\cmake\Qt5Gui\"/>
		</Unit>
		<Unit filename="/home/wangguojun/source_code/curb_detection/detection/../../../../../opt/Qt5.11.1/5.11.1/gcc_64/lib/cmake/Qt5Gui/Qt5Gui_QWbmpPlugin.cmake">
			<Option virtualFolder="CMake Files\..\..\..\..\..\opt\Qt5.11.1\5.11.1\gcc_64\lib\cmake\Qt5Gui\"/>
		</Unit>
		<Unit filename="/home/wangguojun/source_code/curb_detection/detection/../../../../../opt/Qt5.11.1/5.11.1/gcc_64/lib/cmake/Qt5Gui/Qt5Gui_QWebGLIntegrationPlugin.cmake">
			<Option virtualFolder="CMake Files\..\..\..\..\..\opt\Qt5.11.1\5.11.1\gcc_64\lib\cmake\Qt5Gui\"/>
		</Unit>
		<Unit filename="/home/wangguojun/source_code/curb_detection/detection/../../../../../opt/Qt5.11.1/5.11.1/gcc_64/lib/cmake/Qt5Gui/Qt5Gui_QWebpPlugin.cmake">
			<Option virtualFolder="CMake Files\..\..\..\..\..\opt\Qt5.11.1\5.11.1\gcc_64\lib\cmake\Qt5Gui\"/>
		</Unit>
		<Unit filename="/home/wangguojun/source_code/curb_detection/detection/../../../../../opt/Qt5.11.1/5.11.1/gcc_64/lib/cmake/Qt5Gui/Qt5Gui_QXcbEglIntegrationPlugin.cmake">
			<Option virtualFolder="CMake Files\..\..\..\..\..\opt\Qt5.11.1\5.11.1\gcc_64\lib\cmake\Qt5Gui\"/>
		</Unit>
		<Unit filename="/home/wangguojun/source_code/curb_detection/detection/../../../../../opt/Qt5.11.1/5.11.1/gcc_64/lib/cmake/Qt5Gui/Qt5Gui_QXcbGlxIntegrationPlugin.cmake">
			<Option virtualFolder="CMake Files\..\..\..\..\..\opt\Qt5.11.1\5.11.1\gcc_64\lib\cmake\Qt5Gui\"/>
		</Unit>
		<Unit filename="/home/wangguojun/source_code/curb_detection/detection/../../../../../opt/Qt5.11.1/5.11.1/gcc_64/lib/cmake/Qt5Gui/Qt5Gui_QXcbIntegrationPlugin.cmake">
			<Option virtualFolder="CMake Files\..\..\..\..\..\opt\Qt5.11.1\5.11.1\gcc_64\lib\cmake\Qt5Gui\"/>
		</Unit>
		<Unit filename="/home/wangguojun/source_code/curb_detection/detection/../../../../../opt/Qt5.11.1/5.11.1/gcc_64/lib/cmake/Qt5Core/Qt5CoreConfig.cmake">
			<Option virtualFolder="CMake Files\..\..\..\..\..\opt\Qt5.11.1\5.11.1\gcc_64\lib\cmake\Qt5Core\"/>
		</Unit>
		<Unit filename="/home/wangguojun/source_code/curb_detection/detection/../../../../../opt/Qt5.11.1/5.11.1/gcc_64/lib/cmake/Qt5Core/Qt5CoreConfigExtras.cmake">
			<Option virtualFolder="CMake Files\..\..\..\..\..\opt\Qt5.11.1\5.11.1\gcc_64\lib\cmake\Qt5Core\"/>
		</Unit>
		<Unit filename="/home/wangguojun/source_code/curb_detection/detection/../../../../../opt/Qt5.11.1/5.11.1/gcc_64/lib/cmake/Qt5Core/Qt5CoreConfigExtrasMkspecDir.cmake">
			<Option virtualFolder="CMake Files\..\..\..\..\..\opt\Qt5.11.1\5.11.1\gcc_64\lib\cmake\Qt5Core\"/>
		</Unit>
		<Unit filename="/home/wangguojun/source_code/curb_detection/detection/../../../../../opt/Qt5.11.1/5.11.1/gcc_64/lib/cmake/Qt5Core/Qt5CoreConfigVersion.cmake">
			<Option virtualFolder="CMake Files\..\..\..\..\..\opt\Qt5.11.1\5.11.1\gcc_64\lib\cmake\Qt5Core\"/>
		</Unit>
		<Unit filename="/home/wangguojun/source_code/curb_detection/detection/../../../../../opt/Qt5.11.1/5.11.1/gcc_64/lib/cmake/Qt5Core/Qt5CoreMacros.cmake">
			<Option virtualFolder="CMake Files\..\..\..\..\..\opt\Qt5.11.1\5.11.1\gcc_64\lib\cmake\Qt5Core\"/>
		</Unit>
		<Unit filename="/home/wangguojun/source_code/curb_detection/detection/../../../../../opt/Qt5.11.1/5.11.1/gcc_64/lib/cmake/Qt5/Qt5Config.cmake">
			<Option virtualFolder="CMake Files\..\..\..\..\..\opt\Qt5.11.1\5.11.1\gcc_64\lib\cmake\Qt5\"/>
		</Unit>
		<Unit filename="/home/wangguojun/source_code/curb_detection/detection/../../../../../opt/Qt5.11.1/5.11.1/gcc_64/lib/cmake/Qt5/Qt5ConfigVersion.cmake">
			<Option virtualFolder="CMake Files\..\..\..\..\..\opt\Qt5.11.1\5.11.1\gcc_64\lib\cmake\Qt5\"/>
		</Unit>
		<Unit filename="/home/wangguojun/source_code/curb_detection/detection/../../../../../opt/Qt5.11.1/5.11.1/gcc_64/lib/cmake/Qt5/Qt5ModuleLocation.cmake">
			<Option virtualFolder="CMake Files\..\..\..\..\..\opt\Qt5.11.1\5.11.1\gcc_64\lib\cmake\Qt5\"/>
		</Unit>
		<Unit filename="/home/wangguojun/source_code/curb_detection/detection/../../../../../opt/Qt5.11.1/5.11.1/gcc_64/lib/cmake/Qt5Sql/Qt5SqlConfig.cmake">
			<Option virtualFolder="CMake Files\..\..\..\..\..\opt\Qt5.11.1\5.11.1\gcc_64\lib\cmake\Qt5Sql\"/>
		</Unit>
		<Unit filename="/home/wangguojun/source_code/curb_detection/detection/../../../../../opt/Qt5.11.1/5.11.1/gcc_64/lib/cmake/Qt5Sql/Qt5SqlConfigVersion.cmake">
			<Option virtualFolder="CMake Files\..\..\..\..\..\opt\Qt5.11.1\5.11.1\gcc_64\lib\cmake\Qt5Sql\"/>
		</Unit>
		<Unit filename="/home/wangguojun/source_code/curb_detection/detection/../../../../../opt/Qt5.11.1/5.11.1/gcc_64/lib/cmake/Qt5Sql/Qt5Sql_QMYSQLDriverPlugin.cmake">
			<Option virtualFolder="CMake Files\..\..\..\..\..\opt\Qt5.11.1\5.11.1\gcc_64\lib\cmake\Qt5Sql\"/>
		</Unit>
		<Unit filename="/home/wangguojun/source_code/curb_detection/detection/../../../../../opt/Qt5.11.1/5.11.1/gcc_64/lib/cmake/Qt5Sql/Qt5Sql_QPSQLDriverPlugin.cmake">
			<Option virtualFolder="CMake Files\..\..\..\..\..\opt\Qt5.11.1\5.11.1\gcc_64\lib\cmake\Qt5Sql\"/>
		</Unit>
		<Unit filename="/home/wangguojun/source_code/curb_detection/detection/../../../../../opt/Qt5.11.1/5.11.1/gcc_64/lib/cmake/Qt5Sql/Qt5Sql_QSQLiteDriverPlugin.cmake">
			<Option virtualFolder="CMake Files\..\..\..\..\..\opt\Qt5.11.1\5.11.1\gcc_64\lib\cmake\Qt5Sql\"/>
		</Unit>
		<Unit filename="/home/wangguojun/source_code/curb_detection/detection/../../../../../usr/local/lib/cmake/jsoncpp/jsoncppConfig-debug.cmake">
			<Option virtualFolder="CMake Files\..\..\..\..\..\usr\local\lib\cmake\jsoncpp\"/>
		</Unit>
		<Unit filename="/home/wangguojun/source_code/curb_detection/detection/../../../../../usr/local/lib/cmake/jsoncpp/jsoncppConfig.cmake">
			<Option virtualFolder="CMake Files\..\..\..\..\..\usr\local\lib\cmake\jsoncpp\"/>
		</Unit>
		<Unit filename="/home/wangguojun/source_code/curb_detection/detection/../../../../../usr/local/lib/cmake/vtk-8.1/UseVTK.cmake">
			<Option virtualFolder="CMake Files\..\..\..\..\..\usr\local\lib\cmake\vtk-8.1\"/>
		</Unit>
		<Unit filename="/home/wangguojun/source_code/curb_detection/detection/../../../../../usr/local/lib/cmake/vtk-8.1/VTKConfig.cmake">
			<Option virtualFolder="CMake Files\..\..\..\..\..\usr\local\lib\cmake\vtk-8.1\"/>
		</Unit>
		<Unit filename="/home/wangguojun/source_code/curb_detection/detection/../../../../../usr/local/lib/cmake/vtk-8.1/VTKConfigVersion.cmake">
			<Option virtualFolder="CMake Files\..\..\..\..\..\usr\local\lib\cmake\vtk-8.1\"/>
		</Unit>
		<Unit filename="/home/wangguojun/source_code/curb_detection/detection/../../../../../usr/local/lib/cmake/vtk-8.1/VTKTargets-release.cmake">
			<Option virtualFolder="CMake Files\..\..\..\..\..\usr\local\lib\cmake\vtk-8.1\"/>
		</Unit>
		<Unit filename="/home/wangguojun/source_code/curb_detection/detection/../../../../../usr/local/lib/cmake/vtk-8.1/VTKTargets.cmake">
			<Option virtualFolder="CMake Files\..\..\..\..\..\usr\local\lib\cmake\vtk-8.1\"/>
		</Unit>
		<Unit filename="/home/wangguojun/source_code/curb_detection/detection/../../../../../usr/local/lib/cmake/vtk-8.1/vtkModuleAPI.cmake">
			<Option virtualFolder="CMake Files\..\..\..\..\..\usr\local\lib\cmake\vtk-8.1\"/>
		</Unit>
		<Unit filename="/home/wangguojun/source_code/curb_detection/detection/../../../../../usr/local/lib/cmake/vtk-8.1/Modules/vtkChartsCore.cmake">
			<Option virtualFolder="CMake Files\..\..\..\..\..\usr\local\lib\cmake\vtk-8.1\Modules\"/>
		</Unit>
		<Unit filename="/home/wangguojun/source_code/curb_detection/detection/../../../../../usr/local/lib/cmake/vtk-8.1/Modules/vtkCommonColor.cmake">
			<Option virtualFolder="CMake Files\..\..\..\..\..\usr\local\lib\cmake\vtk-8.1\Modules\"/>
		</Unit>
		<Unit filename="/home/wangguojun/source_code/curb_detection/detection/../../../../../usr/local/lib/cmake/vtk-8.1/Modules/vtkCommonComputationalGeometry.cmake">
			<Option virtualFolder="CMake Files\..\..\..\..\..\usr\local\lib\cmake\vtk-8.1\Modules\"/>
		</Unit>
		<Unit filename="/home/wangguojun/source_code/curb_detection/detection/../../../../../usr/local/lib/cmake/vtk-8.1/Modules/vtkCommonCore.cmake">
			<Option virtualFolder="CMake Files\..\..\..\..\..\usr\local\lib\cmake\vtk-8.1\Modules\"/>
		</Unit>
		<Unit filename="/home/wangguojun/source_code/curb_detection/detection/../../../../../usr/local/lib/cmake/vtk-8.1/Modules/vtkCommonDataModel.cmake">
			<Option virtualFolder="CMake Files\..\..\..\..\..\usr\local\lib\cmake\vtk-8.1\Modules\"/>
		</Unit>
		<Unit filename="/home/wangguojun/source_code/curb_detection/detection/../../../../../usr/local/lib/cmake/vtk-8.1/Modules/vtkCommonExecutionModel.cmake">
			<Option virtualFolder="CMake Files\..\..\..\..\..\usr\local\lib\cmake\vtk-8.1\Modules\"/>
		</Unit>
		<Unit filename="/home/wangguojun/source_code/curb_detection/detection/../../../../../usr/local/lib/cmake/vtk-8.1/Modules/vtkCommonMath.cmake">
			<Option virtualFolder="CMake Files\..\..\..\..\..\usr\local\lib\cmake\vtk-8.1\Modules\"/>
		</Unit>
		<Unit filename="/home/wangguojun/source_code/curb_detection/detection/../../../../../usr/local/lib/cmake/vtk-8.1/Modules/vtkCommonMisc.cmake">
			<Option virtualFolder="CMake Files\..\..\..\..\..\usr\local\lib\cmake\vtk-8.1\Modules\"/>
		</Unit>
		<Unit filename="/home/wangguojun/source_code/curb_detection/detection/../../../../../usr/local/lib/cmake/vtk-8.1/Modules/vtkCommonSystem.cmake">
			<Option virtualFolder="CMake Files\..\..\..\..\..\usr\local\lib\cmake\vtk-8.1\Modules\"/>
		</Unit>
		<Unit filename="/home/wangguojun/source_code/curb_detection/detection/../../../../../usr/local/lib/cmake/vtk-8.1/Modules/vtkCommonTransforms.cmake">
			<Option virtualFolder="CMake Files\..\..\..\..\..\usr\local\lib\cmake\vtk-8.1\Modules\"/>
		</Unit>
		<Unit filename="/home/wangguojun/source_code/curb_detection/detection/../../../../../usr/local/lib/cmake/vtk-8.1/Modules/vtkDICOMParser.cmake">
			<Option virtualFolder="CMake Files\..\..\..\..\..\usr\local\lib\cmake\vtk-8.1\Modules\"/>
		</Unit>
		<Unit filename="/home/wangguojun/source_code/curb_detection/detection/../../../../../usr/local/lib/cmake/vtk-8.1/Modules/vtkDomainsChemistry.cmake">
			<Option virtualFolder="CMake Files\..\..\..\..\..\usr\local\lib\cmake\vtk-8.1\Modules\"/>
		</Unit>
		<Unit filename="/home/wangguojun/source_code/curb_detection/detection/../../../../../usr/local/lib/cmake/vtk-8.1/Modules/vtkDomainsChemistryOpenGL2.cmake">
			<Option virtualFolder="CMake Files\..\..\..\..\..\usr\local\lib\cmake\vtk-8.1\Modules\"/>
		</Unit>
		<Unit filename="/home/wangguojun/source_code/curb_detection/detection/../../../../../usr/local/lib/cmake/vtk-8.1/Modules/vtkFiltersAMR.cmake">
			<Option virtualFolder="CMake Files\..\..\..\..\..\usr\local\lib\cmake\vtk-8.1\Modules\"/>
		</Unit>
		<Unit filename="/home/wangguojun/source_code/curb_detection/detection/../../../../../usr/local/lib/cmake/vtk-8.1/Modules/vtkFiltersCore.cmake">
			<Option virtualFolder="CMake Files\..\..\..\..\..\usr\local\lib\cmake\vtk-8.1\Modules\"/>
		</Unit>
		<Unit filename="/home/wangguojun/source_code/curb_detection/detection/../../../../../usr/local/lib/cmake/vtk-8.1/Modules/vtkFiltersExtraction.cmake">
			<Option virtualFolder="CMake Files\..\..\..\..\..\usr\local\lib\cmake\vtk-8.1\Modules\"/>
		</Unit>
		<Unit filename="/home/wangguojun/source_code/curb_detection/detection/../../../../../usr/local/lib/cmake/vtk-8.1/Modules/vtkFiltersFlowPaths.cmake">
			<Option virtualFolder="CMake Files\..\..\..\..\..\usr\local\lib\cmake\vtk-8.1\Modules\"/>
		</Unit>
		<Unit filename="/home/wangguojun/source_code/curb_detection/detection/../../../../../usr/local/lib/cmake/vtk-8.1/Modules/vtkFiltersGeneral.cmake">
			<Option virtualFolder="CMake Files\..\..\..\..\..\usr\local\lib\cmake\vtk-8.1\Modules\"/>
		</Unit>
		<Unit filename="/home/wangguojun/source_code/curb_detection/detection/../../../../../usr/local/lib/cmake/vtk-8.1/Modules/vtkFiltersGeneric.cmake">
			<Option virtualFolder="CMake Files\..\..\..\..\..\usr\local\lib\cmake\vtk-8.1\Modules\"/>
		</Unit>
		<Unit filename="/home/wangguojun/source_code/curb_detection/detection/../../../../../usr/local/lib/cmake/vtk-8.1/Modules/vtkFiltersGeometry.cmake">
			<Option virtualFolder="CMake Files\..\..\..\..\..\usr\local\lib\cmake\vtk-8.1\Modules\"/>
		</Unit>
		<Unit filename="/home/wangguojun/source_code/curb_detection/detection/../../../../../usr/local/lib/cmake/vtk-8.1/Modules/vtkFiltersHybrid.cmake">
			<Option virtualFolder="CMake Files\..\..\..\..\..\usr\local\lib\cmake\vtk-8.1\Modules\"/>
		</Unit>
		<Unit filename="/home/wangguojun/source_code/curb_detection/detection/../../../../../usr/local/lib/cmake/vtk-8.1/Modules/vtkFiltersHyperTree.cmake">
			<Option virtualFolder="CMake Files\..\..\..\..\..\usr\local\lib\cmake\vtk-8.1\Modules\"/>
		</Unit>
		<Unit filename="/home/wangguojun/source_code/curb_detection/detection/../../../../../usr/local/lib/cmake/vtk-8.1/Modules/vtkFiltersImaging.cmake">
			<Option virtualFolder="CMake Files\..\..\..\..\..\usr\local\lib\cmake\vtk-8.1\Modules\"/>
		</Unit>
		<Unit filename="/home/wangguojun/source_code/curb_detection/detection/../../../../../usr/local/lib/cmake/vtk-8.1/Modules/vtkFiltersModeling.cmake">
			<Option virtualFolder="CMake Files\..\..\..\..\..\usr\local\lib\cmake\vtk-8.1\Modules\"/>
		</Unit>
		<Unit filename="/home/wangguojun/source_code/curb_detection/detection/../../../../../usr/local/lib/cmake/vtk-8.1/Modules/vtkFiltersParallel.cmake">
			<Option virtualFolder="CMake Files\..\..\..\..\..\usr\local\lib\cmake\vtk-8.1\Modules\"/>
		</Unit>
		<Unit filename="/home/wangguojun/source_code/curb_detection/detection/../../../../../usr/local/lib/cmake/vtk-8.1/Modules/vtkFiltersParallelImaging.cmake">
			<Option virtualFolder="CMake Files\..\..\..\..\..\usr\local\lib\cmake\vtk-8.1\Modules\"/>
		</Unit>
		<Unit filename="/home/wangguojun/source_code/curb_detection/detection/../../../../../usr/local/lib/cmake/vtk-8.1/Modules/vtkFiltersPoints.cmake">
			<Option virtualFolder="CMake Files\..\..\..\..\..\usr\local\lib\cmake\vtk-8.1\Modules\"/>
		</Unit>
		<Unit filename="/home/wangguojun/source_code/curb_detection/detection/../../../../../usr/local/lib/cmake/vtk-8.1/Modules/vtkFiltersProgrammable.cmake">
			<Option virtualFolder="CMake Files\..\..\..\..\..\usr\local\lib\cmake\vtk-8.1\Modules\"/>
		</Unit>
		<Unit filename="/home/wangguojun/source_code/curb_detection/detection/../../../../../usr/local/lib/cmake/vtk-8.1/Modules/vtkFiltersSMP.cmake">
			<Option virtualFolder="CMake Files\..\..\..\..\..\usr\local\lib\cmake\vtk-8.1\Modules\"/>
		</Unit>
		<Unit filename="/home/wangguojun/source_code/curb_detection/detection/../../../../../usr/local/lib/cmake/vtk-8.1/Modules/vtkFiltersSelection.cmake">
			<Option virtualFolder="CMake Files\..\..\..\..\..\usr\local\lib\cmake\vtk-8.1\Modules\"/>
		</Unit>
		<Unit filename="/home/wangguojun/source_code/curb_detection/detection/../../../../../usr/local/lib/cmake/vtk-8.1/Modules/vtkFiltersSources.cmake">
			<Option virtualFolder="CMake Files\..\..\..\..\..\usr\local\lib\cmake\vtk-8.1\Modules\"/>
		</Unit>
		<Unit filename="/home/wangguojun/source_code/curb_detection/detection/../../../../../usr/local/lib/cmake/vtk-8.1/Modules/vtkFiltersStatistics.cmake">
			<Option virtualFolder="CMake Files\..\..\..\..\..\usr\local\lib\cmake\vtk-8.1\Modules\"/>
		</Unit>
		<Unit filename="/home/wangguojun/source_code/curb_detection/detection/../../../../../usr/local/lib/cmake/vtk-8.1/Modules/vtkFiltersTexture.cmake">
			<Option virtualFolder="CMake Files\..\..\..\..\..\usr\local\lib\cmake\vtk-8.1\Modules\"/>
		</Unit>
		<Unit filename="/home/wangguojun/source_code/curb_detection/detection/../../../../../usr/local/lib/cmake/vtk-8.1/Modules/vtkFiltersTopology.cmake">
			<Option virtualFolder="CMake Files\..\..\..\..\..\usr\local\lib\cmake\vtk-8.1\Modules\"/>
		</Unit>
		<Unit filename="/home/wangguojun/source_code/curb_detection/detection/../../../../../usr/local/lib/cmake/vtk-8.1/Modules/vtkFiltersVerdict.cmake">
			<Option virtualFolder="CMake Files\..\..\..\..\..\usr\local\lib\cmake\vtk-8.1\Modules\"/>
		</Unit>
		<Unit filename="/home/wangguojun/source_code/curb_detection/detection/../../../../../usr/local/lib/cmake/vtk-8.1/Modules/vtkGUISupportQt.cmake">
			<Option virtualFolder="CMake Files\..\..\..\..\..\usr\local\lib\cmake\vtk-8.1\Modules\"/>
		</Unit>
		<Unit filename="/home/wangguojun/source_code/curb_detection/detection/../../../../../usr/local/lib/cmake/vtk-8.1/Modules/vtkGUISupportQtSQL.cmake">
			<Option virtualFolder="CMake Files\..\..\..\..\..\usr\local\lib\cmake\vtk-8.1\Modules\"/>
		</Unit>
		<Unit filename="/home/wangguojun/source_code/curb_detection/detection/../../../../../usr/local/lib/cmake/vtk-8.1/Modules/vtkGeovisCore.cmake">
			<Option virtualFolder="CMake Files\..\..\..\..\..\usr\local\lib\cmake\vtk-8.1\Modules\"/>
		</Unit>
		<Unit filename="/home/wangguojun/source_code/curb_detection/detection/../../../../../usr/local/lib/cmake/vtk-8.1/Modules/vtkIOAMR.cmake">
			<Option virtualFolder="CMake Files\..\..\..\..\..\usr\local\lib\cmake\vtk-8.1\Modules\"/>
		</Unit>
		<Unit filename="/home/wangguojun/source_code/curb_detection/detection/../../../../../usr/local/lib/cmake/vtk-8.1/Modules/vtkIOCore.cmake">
			<Option virtualFolder="CMake Files\..\..\..\..\..\usr\local\lib\cmake\vtk-8.1\Modules\"/>
		</Unit>
		<Unit filename="/home/wangguojun/source_code/curb_detection/detection/../../../../../usr/local/lib/cmake/vtk-8.1/Modules/vtkIOEnSight.cmake">
			<Option virtualFolder="CMake Files\..\..\..\..\..\usr\local\lib\cmake\vtk-8.1\Modules\"/>
		</Unit>
		<Unit filename="/home/wangguojun/source_code/curb_detection/detection/../../../../../usr/local/lib/cmake/vtk-8.1/Modules/vtkIOExodus.cmake">
			<Option virtualFolder="CMake Files\..\..\..\..\..\usr\local\lib\cmake\vtk-8.1\Modules\"/>
		</Unit>
		<Unit filename="/home/wangguojun/source_code/curb_detection/detection/../../../../../usr/local/lib/cmake/vtk-8.1/Modules/vtkIOExport.cmake">
			<Option virtualFolder="CMake Files\..\..\..\..\..\usr\local\lib\cmake\vtk-8.1\Modules\"/>
		</Unit>
		<Unit filename="/home/wangguojun/source_code/curb_detection/detection/../../../../../usr/local/lib/cmake/vtk-8.1/Modules/vtkIOExportOpenGL2.cmake">
			<Option virtualFolder="CMake Files\..\..\..\..\..\usr\local\lib\cmake\vtk-8.1\Modules\"/>
		</Unit>
		<Unit filename="/home/wangguojun/source_code/curb_detection/detection/../../../../../usr/local/lib/cmake/vtk-8.1/Modules/vtkIOGeometry.cmake">
			<Option virtualFolder="CMake Files\..\..\..\..\..\usr\local\lib\cmake\vtk-8.1\Modules\"/>
		</Unit>
		<Unit filename="/home/wangguojun/source_code/curb_detection/detection/../../../../../usr/local/lib/cmake/vtk-8.1/Modules/vtkIOImage.cmake">
			<Option virtualFolder="CMake Files\..\..\..\..\..\usr\local\lib\cmake\vtk-8.1\Modules\"/>
		</Unit>
		<Unit filename="/home/wangguojun/source_code/curb_detection/detection/../../../../../usr/local/lib/cmake/vtk-8.1/Modules/vtkIOImport.cmake">
			<Option virtualFolder="CMake Files\..\..\..\..\..\usr\local\lib\cmake\vtk-8.1\Modules\"/>
		</Unit>
		<Unit filename="/home/wangguojun/source_code/curb_detection/detection/../../../../../usr/local/lib/cmake/vtk-8.1/Modules/vtkIOInfovis.cmake">
			<Option virtualFolder="CMake Files\..\..\..\..\..\usr\local\lib\cmake\vtk-8.1\Modules\"/>
		</Unit>
		<Unit filename="/home/wangguojun/source_code/curb_detection/detection/../../../../../usr/local/lib/cmake/vtk-8.1/Modules/vtkIOLSDyna.cmake">
			<Option virtualFolder="CMake Files\..\..\..\..\..\usr\local\lib\cmake\vtk-8.1\Modules\"/>
		</Unit>
		<Unit filename="/home/wangguojun/source_code/curb_detection/detection/../../../../../usr/local/lib/cmake/vtk-8.1/Modules/vtkIOLegacy.cmake">
			<Option virtualFolder="CMake Files\..\..\..\..\..\usr\local\lib\cmake\vtk-8.1\Modules\"/>
		</Unit>
		<Unit filename="/home/wangguojun/source_code/curb_detection/detection/../../../../../usr/local/lib/cmake/vtk-8.1/Modules/vtkIOMINC.cmake">
			<Option virtualFolder="CMake Files\..\..\..\..\..\usr\local\lib\cmake\vtk-8.1\Modules\"/>
		</Unit>
		<Unit filename="/home/wangguojun/source_code/curb_detection/detection/../../../../../usr/local/lib/cmake/vtk-8.1/Modules/vtkIOMovie.cmake">
			<Option virtualFolder="CMake Files\..\..\..\..\..\usr\local\lib\cmake\vtk-8.1\Modules\"/>
		</Unit>
		<Unit filename="/home/wangguojun/source_code/curb_detection/detection/../../../../../usr/local/lib/cmake/vtk-8.1/Modules/vtkIONetCDF.cmake">
			<Option virtualFolder="CMake Files\..\..\..\..\..\usr\local\lib\cmake\vtk-8.1\Modules\"/>
		</Unit>
		<Unit filename="/home/wangguojun/source_code/curb_detection/detection/../../../../../usr/local/lib/cmake/vtk-8.1/Modules/vtkIOPLY.cmake">
			<Option virtualFolder="CMake Files\..\..\..\..\..\usr\local\lib\cmake\vtk-8.1\Modules\"/>
		</Unit>
		<Unit filename="/home/wangguojun/source_code/curb_detection/detection/../../../../../usr/local/lib/cmake/vtk-8.1/Modules/vtkIOParallel.cmake">
			<Option virtualFolder="CMake Files\..\..\..\..\..\usr\local\lib\cmake\vtk-8.1\Modules\"/>
		</Unit>
		<Unit filename="/home/wangguojun/source_code/curb_detection/detection/../../../../../usr/local/lib/cmake/vtk-8.1/Modules/vtkIOParallelXML.cmake">
			<Option virtualFolder="CMake Files\..\..\..\..\..\usr\local\lib\cmake\vtk-8.1\Modules\"/>
		</Unit>
		<Unit filename="/home/wangguojun/source_code/curb_detection/detection/../../../../../usr/local/lib/cmake/vtk-8.1/Modules/vtkIOSQL.cmake">
			<Option virtualFolder="CMake Files\..\..\..\..\..\usr\local\lib\cmake\vtk-8.1\Modules\"/>
		</Unit>
		<Unit filename="/home/wangguojun/source_code/curb_detection/detection/../../../../../usr/local/lib/cmake/vtk-8.1/Modules/vtkIOTecplotTable.cmake">
			<Option virtualFolder="CMake Files\..\..\..\..\..\usr\local\lib\cmake\vtk-8.1\Modules\"/>
		</Unit>
		<Unit filename="/home/wangguojun/source_code/curb_detection/detection/../../../../../usr/local/lib/cmake/vtk-8.1/Modules/vtkIOVideo.cmake">
			<Option virtualFolder="CMake Files\..\..\..\..\..\usr\local\lib\cmake\vtk-8.1\Modules\"/>
		</Unit>
		<Unit filename="/home/wangguojun/source_code/curb_detection/detection/../../../../../usr/local/lib/cmake/vtk-8.1/Modules/vtkIOXML.cmake">
			<Option virtualFolder="CMake Files\..\..\..\..\..\usr\local\lib\cmake\vtk-8.1\Modules\"/>
		</Unit>
		<Unit filename="/home/wangguojun/source_code/curb_detection/detection/../../../../../usr/local/lib/cmake/vtk-8.1/Modules/vtkIOXMLParser.cmake">
			<Option virtualFolder="CMake Files\..\..\..\..\..\usr\local\lib\cmake\vtk-8.1\Modules\"/>
		</Unit>
		<Unit filename="/home/wangguojun/source_code/curb_detection/detection/../../../../../usr/local/lib/cmake/vtk-8.1/Modules/vtkImagingColor.cmake">
			<Option virtualFolder="CMake Files\..\..\..\..\..\usr\local\lib\cmake\vtk-8.1\Modules\"/>
		</Unit>
		<Unit filename="/home/wangguojun/source_code/curb_detection/detection/../../../../../usr/local/lib/cmake/vtk-8.1/Modules/vtkImagingCore.cmake">
			<Option virtualFolder="CMake Files\..\..\..\..\..\usr\local\lib\cmake\vtk-8.1\Modules\"/>
		</Unit>
		<Unit filename="/home/wangguojun/source_code/curb_detection/detection/../../../../../usr/local/lib/cmake/vtk-8.1/Modules/vtkImagingFourier.cmake">
			<Option virtualFolder="CMake Files\..\..\..\..\..\usr\local\lib\cmake\vtk-8.1\Modules\"/>
		</Unit>
		<Unit filename="/home/wangguojun/source_code/curb_detection/detection/../../../../../usr/local/lib/cmake/vtk-8.1/Modules/vtkImagingGeneral.cmake">
			<Option virtualFolder="CMake Files\..\..\..\..\..\usr\local\lib\cmake\vtk-8.1\Modules\"/>
		</Unit>
		<Unit filename="/home/wangguojun/source_code/curb_detection/detection/../../../../../usr/local/lib/cmake/vtk-8.1/Modules/vtkImagingHybrid.cmake">
			<Option virtualFolder="CMake Files\..\..\..\..\..\usr\local\lib\cmake\vtk-8.1\Modules\"/>
		</Unit>
		<Unit filename="/home/wangguojun/source_code/curb_detection/detection/../../../../../usr/local/lib/cmake/vtk-8.1/Modules/vtkImagingMath.cmake">
			<Option virtualFolder="CMake Files\..\..\..\..\..\usr\local\lib\cmake\vtk-8.1\Modules\"/>
		</Unit>
		<Unit filename="/home/wangguojun/source_code/curb_detection/detection/../../../../../usr/local/lib/cmake/vtk-8.1/Modules/vtkImagingMorphological.cmake">
			<Option virtualFolder="CMake Files\..\..\..\..\..\usr\local\lib\cmake\vtk-8.1\Modules\"/>
		</Unit>
		<Unit filename="/home/wangguojun/source_code/curb_detection/detection/../../../../../usr/local/lib/cmake/vtk-8.1/Modules/vtkImagingSources.cmake">
			<Option virtualFolder="CMake Files\..\..\..\..\..\usr\local\lib\cmake\vtk-8.1\Modules\"/>
		</Unit>
		<Unit filename="/home/wangguojun/source_code/curb_detection/detection/../../../../../usr/local/lib/cmake/vtk-8.1/Modules/vtkImagingStatistics.cmake">
			<Option virtualFolder="CMake Files\..\..\..\..\..\usr\local\lib\cmake\vtk-8.1\Modules\"/>
		</Unit>
		<Unit filename="/home/wangguojun/source_code/curb_detection/detection/../../../../../usr/local/lib/cmake/vtk-8.1/Modules/vtkImagingStencil.cmake">
			<Option virtualFolder="CMake Files\..\..\..\..\..\usr\local\lib\cmake\vtk-8.1\Modules\"/>
		</Unit>
		<Unit filename="/home/wangguojun/source_code/curb_detection/detection/../../../../../usr/local/lib/cmake/vtk-8.1/Modules/vtkInfovisCore.cmake">
			<Option virtualFolder="CMake Files\..\..\..\..\..\usr\local\lib\cmake\vtk-8.1\Modules\"/>
		</Unit>
		<Unit filename="/home/wangguojun/source_code/curb_detection/detection/../../../../../usr/local/lib/cmake/vtk-8.1/Modules/vtkInfovisLayout.cmake">
			<Option virtualFolder="CMake Files\..\..\..\..\..\usr\local\lib\cmake\vtk-8.1\Modules\"/>
		</Unit>
		<Unit filename="/home/wangguojun/source_code/curb_detection/detection/../../../../../usr/local/lib/cmake/vtk-8.1/Modules/vtkInteractionImage.cmake">
			<Option virtualFolder="CMake Files\..\..\..\..\..\usr\local\lib\cmake\vtk-8.1\Modules\"/>
		</Unit>
		<Unit filename="/home/wangguojun/source_code/curb_detection/detection/../../../../../usr/local/lib/cmake/vtk-8.1/Modules/vtkInteractionStyle.cmake">
			<Option virtualFolder="CMake Files\..\..\..\..\..\usr\local\lib\cmake\vtk-8.1\Modules\"/>
		</Unit>
		<Unit filename="/home/wangguojun/source_code/curb_detection/detection/../../../../../usr/local/lib/cmake/vtk-8.1/Modules/vtkInteractionWidgets.cmake">
			<Option virtualFolder="CMake Files\..\..\..\..\..\usr\local\lib\cmake\vtk-8.1\Modules\"/>
		</Unit>
		<Unit filename="/home/wangguojun/source_code/curb_detection/detection/../../../../../usr/local/lib/cmake/vtk-8.1/Modules/vtkMetaIO.cmake">
			<Option virtualFolder="CMake Files\..\..\..\..\..\usr\local\lib\cmake\vtk-8.1\Modules\"/>
		</Unit>
		<Unit filename="/home/wangguojun/source_code/curb_detection/detection/../../../../../usr/local/lib/cmake/vtk-8.1/Modules/vtkParallelCore.cmake">
			<Option virtualFolder="CMake Files\..\..\..\..\..\usr\local\lib\cmake\vtk-8.1\Modules\"/>
		</Unit>
		<Unit filename="/home/wangguojun/source_code/curb_detection/detection/../../../../../usr/local/lib/cmake/vtk-8.1/Modules/vtkRenderingAnnotation.cmake">
			<Option virtualFolder="CMake Files\..\..\..\..\..\usr\local\lib\cmake\vtk-8.1\Modules\"/>
		</Unit>
		<Unit filename="/home/wangguojun/source_code/curb_detection/detection/../../../../../usr/local/lib/cmake/vtk-8.1/Modules/vtkRenderingContext2D.cmake">
			<Option virtualFolder="CMake Files\..\..\..\..\..\usr\local\lib\cmake\vtk-8.1\Modules\"/>
		</Unit>
		<Unit filename="/home/wangguojun/source_code/curb_detection/detection/../../../../../usr/local/lib/cmake/vtk-8.1/Modules/vtkRenderingContextOpenGL2.cmake">
			<Option virtualFolder="CMake Files\..\..\..\..\..\usr\local\lib\cmake\vtk-8.1\Modules\"/>
		</Unit>
		<Unit filename="/home/wangguojun/source_code/curb_detection/detection/../../../../../usr/local/lib/cmake/vtk-8.1/Modules/vtkRenderingCore.cmake">
			<Option virtualFolder="CMake Files\..\..\..\..\..\usr\local\lib\cmake\vtk-8.1\Modules\"/>
		</Unit>
		<Unit filename="/home/wangguojun/source_code/curb_detection/detection/../../../../../usr/local/lib/cmake/vtk-8.1/Modules/vtkRenderingFreeType.cmake">
			<Option virtualFolder="CMake Files\..\..\..\..\..\usr\local\lib\cmake\vtk-8.1\Modules\"/>
		</Unit>
		<Unit filename="/home/wangguojun/source_code/curb_detection/detection/../../../../../usr/local/lib/cmake/vtk-8.1/Modules/vtkRenderingGL2PSOpenGL2.cmake">
			<Option virtualFolder="CMake Files\..\..\..\..\..\usr\local\lib\cmake\vtk-8.1\Modules\"/>
		</Unit>
		<Unit filename="/home/wangguojun/source_code/curb_detection/detection/../../../../../usr/local/lib/cmake/vtk-8.1/Modules/vtkRenderingImage.cmake">
			<Option virtualFolder="CMake Files\..\..\..\..\..\usr\local\lib\cmake\vtk-8.1\Modules\"/>
		</Unit>
		<Unit filename="/home/wangguojun/source_code/curb_detection/detection/../../../../../usr/local/lib/cmake/vtk-8.1/Modules/vtkRenderingLOD.cmake">
			<Option virtualFolder="CMake Files\..\..\..\..\..\usr\local\lib\cmake\vtk-8.1\Modules\"/>
		</Unit>
		<Unit filename="/home/wangguojun/source_code/curb_detection/detection/../../../../../usr/local/lib/cmake/vtk-8.1/Modules/vtkRenderingLabel.cmake">
			<Option virtualFolder="CMake Files\..\..\..\..\..\usr\local\lib\cmake\vtk-8.1\Modules\"/>
		</Unit>
		<Unit filename="/home/wangguojun/source_code/curb_detection/detection/../../../../../usr/local/lib/cmake/vtk-8.1/Modules/vtkRenderingOpenGL2.cmake">
			<Option virtualFolder="CMake Files\..\..\..\..\..\usr\local\lib\cmake\vtk-8.1\Modules\"/>
		</Unit>
		<Unit filename="/home/wangguojun/source_code/curb_detection/detection/../../../../../usr/local/lib/cmake/vtk-8.1/Modules/vtkRenderingQt.cmake">
			<Option virtualFolder="CMake Files\..\..\..\..\..\usr\local\lib\cmake\vtk-8.1\Modules\"/>
		</Unit>
		<Unit filename="/home/wangguojun/source_code/curb_detection/detection/../../../../../usr/local/lib/cmake/vtk-8.1/Modules/vtkRenderingVolume.cmake">
			<Option virtualFolder="CMake Files\..\..\..\..\..\usr\local\lib\cmake\vtk-8.1\Modules\"/>
		</Unit>
		<Unit filename="/home/wangguojun/source_code/curb_detection/detection/../../../../../usr/local/lib/cmake/vtk-8.1/Modules/vtkRenderingVolumeOpenGL2.cmake">
			<Option virtualFolder="CMake Files\..\..\..\..\..\usr\local\lib\cmake\vtk-8.1\Modules\"/>
		</Unit>
		<Unit filename="/home/wangguojun/source_code/curb_detection/detection/../../../../../usr/local/lib/cmake/vtk-8.1/Modules/vtkUtilitiesEncodeString.cmake">
			<Option virtualFolder="CMake Files\..\..\..\..\..\usr\local\lib\cmake\vtk-8.1\Modules\"/>
		</Unit>
		<Unit filename="/home/wangguojun/source_code/curb_detection/detection/../../../../../usr/local/lib/cmake/vtk-8.1/Modules/vtkUtilitiesHashSource.cmake">
			<Option virtualFolder="CMake Files\..\..\..\..\..\usr\local\lib\cmake\vtk-8.1\Modules\"/>
		</Unit>
		<Unit filename="/home/wangguojun/source_code/curb_detection/detection/../../../../../usr/local/lib/cmake/vtk-8.1/Modules/vtkViewsContext2D.cmake">
			<Option virtualFolder="CMake Files\..\..\..\..\..\usr\local\lib\cmake\vtk-8.1\Modules\"/>
		</Unit>
		<Unit filename="/home/wangguojun/source_code/curb_detection/detection/../../../../../usr/local/lib/cmake/vtk-8.1/Modules/vtkViewsCore.cmake">
			<Option virtualFolder="CMake Files\..\..\..\..\..\usr\local\lib\cmake\vtk-8.1\Modules\"/>
		</Unit>
		<Unit filename="/home/wangguojun/source_code/curb_detection/detection/../../../../../usr/local/lib/cmake/vtk-8.1/Modules/vtkViewsInfovis.cmake">
			<Option virtualFolder="CMake Files\..\..\..\..\..\usr\local\lib\cmake\vtk-8.1\Modules\"/>
		</Unit>
		<Unit filename="/home/wangguojun/source_code/curb_detection/detection/../../../../../usr/local/lib/cmake/vtk-8.1/Modules/vtkViewsQt.cmake">
			<Option virtualFolder="CMake Files\..\..\..\..\..\usr\local\lib\cmake\vtk-8.1\Modules\"/>
		</Unit>
		<Unit filename="/home/wangguojun/source_code/curb_detection/detection/../../../../../usr/local/lib/cmake/vtk-8.1/Modules/vtkalglib.cmake">
			<Option virtualFolder="CMake Files\..\..\..\..\..\usr\local\lib\cmake\vtk-8.1\Modules\"/>
		</Unit>
		<Unit filename="/home/wangguojun/source_code/curb_detection/detection/../../../../../usr/local/lib/cmake/vtk-8.1/Modules/vtkexodusII.cmake">
			<Option virtualFolder="CMake Files\..\..\..\..\..\usr\local\lib\cmake\vtk-8.1\Modules\"/>
		</Unit>
		<Unit filename="/home/wangguojun/source_code/curb_detection/detection/../../../../../usr/local/lib/cmake/vtk-8.1/Modules/vtkexpat.cmake">
			<Option virtualFolder="CMake Files\..\..\..\..\..\usr\local\lib\cmake\vtk-8.1\Modules\"/>
		</Unit>
		<Unit filename="/home/wangguojun/source_code/curb_detection/detection/../../../../../usr/local/lib/cmake/vtk-8.1/Modules/vtkfreetype.cmake">
			<Option virtualFolder="CMake Files\..\..\..\..\..\usr\local\lib\cmake\vtk-8.1\Modules\"/>
		</Unit>
		<Unit filename="/home/wangguojun/source_code/curb_detection/detection/../../../../../usr/local/lib/cmake/vtk-8.1/Modules/vtkgl2ps.cmake">
			<Option virtualFolder="CMake Files\..\..\..\..\..\usr\local\lib\cmake\vtk-8.1\Modules\"/>
		</Unit>
		<Unit filename="/home/wangguojun/source_code/curb_detection/detection/../../../../../usr/local/lib/cmake/vtk-8.1/Modules/vtkglew.cmake">
			<Option virtualFolder="CMake Files\..\..\..\..\..\usr\local\lib\cmake\vtk-8.1\Modules\"/>
		</Unit>
		<Unit filename="/home/wangguojun/source_code/curb_detection/detection/../../../../../usr/local/lib/cmake/vtk-8.1/Modules/vtkhdf5.cmake">
			<Option virtualFolder="CMake Files\..\..\..\..\..\usr\local\lib\cmake\vtk-8.1\Modules\"/>
		</Unit>
		<Unit filename="/home/wangguojun/source_code/curb_detection/detection/../../../../../usr/local/lib/cmake/vtk-8.1/Modules/vtkjpeg.cmake">
			<Option virtualFolder="CMake Files\..\..\..\..\..\usr\local\lib\cmake\vtk-8.1\Modules\"/>
		</Unit>
		<Unit filename="/home/wangguojun/source_code/curb_detection/detection/../../../../../usr/local/lib/cmake/vtk-8.1/Modules/vtkjsoncpp.cmake">
			<Option virtualFolder="CMake Files\..\..\..\..\..\usr\local\lib\cmake\vtk-8.1\Modules\"/>
		</Unit>
		<Unit filename="/home/wangguojun/source_code/curb_detection/detection/../../../../../usr/local/lib/cmake/vtk-8.1/Modules/vtkkwiml.cmake">
			<Option virtualFolder="CMake Files\..\..\..\..\..\usr\local\lib\cmake\vtk-8.1\Modules\"/>
		</Unit>
		<Unit filename="/home/wangguojun/source_code/curb_detection/detection/../../../../../usr/local/lib/cmake/vtk-8.1/Modules/vtklibharu.cmake">
			<Option virtualFolder="CMake Files\..\..\..\..\..\usr\local\lib\cmake\vtk-8.1\Modules\"/>
		</Unit>
		<Unit filename="/home/wangguojun/source_code/curb_detection/detection/../../../../../usr/local/lib/cmake/vtk-8.1/Modules/vtklibproj4.cmake">
			<Option virtualFolder="CMake Files\..\..\..\..\..\usr\local\lib\cmake\vtk-8.1\Modules\"/>
		</Unit>
		<Unit filename="/home/wangguojun/source_code/curb_detection/detection/../../../../../usr/local/lib/cmake/vtk-8.1/Modules/vtklibxml2.cmake">
			<Option virtualFolder="CMake Files\..\..\..\..\..\usr\local\lib\cmake\vtk-8.1\Modules\"/>
		</Unit>
		<Unit filename="/home/wangguojun/source_code/curb_detection/detection/../../../../../usr/local/lib/cmake/vtk-8.1/Modules/vtklz4.cmake">
			<Option virtualFolder="CMake Files\..\..\..\..\..\usr\local\lib\cmake\vtk-8.1\Modules\"/>
		</Unit>
		<Unit filename="/home/wangguojun/source_code/curb_detection/detection/../../../../../usr/local/lib/cmake/vtk-8.1/Modules/vtknetcdf.cmake">
			<Option virtualFolder="CMake Files\..\..\..\..\..\usr\local\lib\cmake\vtk-8.1\Modules\"/>
		</Unit>
		<Unit filename="/home/wangguojun/source_code/curb_detection/detection/../../../../../usr/local/lib/cmake/vtk-8.1/Modules/vtknetcdfcpp.cmake">
			<Option virtualFolder="CMake Files\..\..\..\..\..\usr\local\lib\cmake\vtk-8.1\Modules\"/>
		</Unit>
		<Unit filename="/home/wangguojun/source_code/curb_detection/detection/../../../../../usr/local/lib/cmake/vtk-8.1/Modules/vtkoggtheora.cmake">
			<Option virtualFolder="CMake Files\..\..\..\..\..\usr\local\lib\cmake\vtk-8.1\Modules\"/>
		</Unit>
		<Unit filename="/home/wangguojun/source_code/curb_detection/detection/../../../../../usr/local/lib/cmake/vtk-8.1/Modules/vtkpng.cmake">
			<Option virtualFolder="CMake Files\..\..\..\..\..\usr\local\lib\cmake\vtk-8.1\Modules\"/>
		</Unit>
		<Unit filename="/home/wangguojun/source_code/curb_detection/detection/../../../../../usr/local/lib/cmake/vtk-8.1/Modules/vtksqlite.cmake">
			<Option virtualFolder="CMake Files\..\..\..\..\..\usr\local\lib\cmake\vtk-8.1\Modules\"/>
		</Unit>
		<Unit filename="/home/wangguojun/source_code/curb_detection/detection/../../../../../usr/local/lib/cmake/vtk-8.1/Modules/vtksys.cmake">
			<Option virtualFolder="CMake Files\..\..\..\..\..\usr\local\lib\cmake\vtk-8.1\Modules\"/>
		</Unit>
		<Unit filename="/home/wangguojun/source_code/curb_detection/detection/../../../../../usr/local/lib/cmake/vtk-8.1/Modules/vtktiff.cmake">
			<Option virtualFolder="CMake Files\..\..\..\..\..\usr\local\lib\cmake\vtk-8.1\Modules\"/>
		</Unit>
		<Unit filename="/home/wangguojun/source_code/curb_detection/detection/../../../../../usr/local/lib/cmake/vtk-8.1/Modules/vtkverdict.cmake">
			<Option virtualFolder="CMake Files\..\..\..\..\..\usr\local\lib\cmake\vtk-8.1\Modules\"/>
		</Unit>
		<Unit filename="/home/wangguojun/source_code/curb_detection/detection/../../../../../usr/local/lib/cmake/vtk-8.1/Modules/vtkzlib.cmake">
			<Option virtualFolder="CMake Files\..\..\..\..\..\usr\local\lib\cmake\vtk-8.1\Modules\"/>
		</Unit>
		<Unit filename="/home/wangguojun/source_code/curb_detection/detection/../../../../../usr/local/share/pcl-1.9/PCLConfig.cmake">
			<Option virtualFolder="CMake Files\..\..\..\..\..\usr\local\share\pcl-1.9\"/>
		</Unit>
		<Unit filename="/home/wangguojun/source_code/curb_detection/detection/../../../../../usr/local/share/pcl-1.9/PCLConfigVersion.cmake">
			<Option virtualFolder="CMake Files\..\..\..\..\..\usr\local\share\pcl-1.9\"/>
		</Unit>
		<Unit filename="/home/wangguojun/source_code/curb_detection/detection/../../../../../usr/local/share/pcl-1.9/Modules/FindEigen.cmake">
			<Option virtualFolder="CMake Files\..\..\..\..\..\usr\local\share\pcl-1.9\Modules\"/>
		</Unit>
		<Unit filename="/home/wangguojun/source_code/curb_detection/detection/../../../../../usr/local/share/pcl-1.9/Modules/FindFLANN.cmake">
			<Option virtualFolder="CMake Files\..\..\..\..\..\usr\local\share\pcl-1.9\Modules\"/>
		</Unit>
		<Unit filename="/home/wangguojun/source_code/curb_detection/detection/../../../../../usr/local/share/pcl-1.9/Modules/FindOpenNI.cmake">
			<Option virtualFolder="CMake Files\..\..\..\..\..\usr\local\share\pcl-1.9\Modules\"/>
		</Unit>
		<Unit filename="/home/wangguojun/source_code/curb_detection/detection/../../../../../usr/local/share/pcl-1.9/Modules/FindOpenNI2.cmake">
			<Option virtualFolder="CMake Files\..\..\..\..\..\usr\local\share\pcl-1.9\Modules\"/>
		</Unit>
		<Unit filename="/home/wangguojun/source_code/curb_detection/detection/../../../../../usr/local/share/pcl-1.9/Modules/FindQhull.cmake">
			<Option virtualFolder="CMake Files\..\..\..\..\..\usr\local\share\pcl-1.9\Modules\"/>
		</Unit>
		<Unit filename="/home/wangguojun/source_code/curb_detection/detection/../../../../../usr/local/share/OpenCV/OpenCVConfig-version.cmake">
			<Option virtualFolder="CMake Files\..\..\..\..\..\usr\local\share\OpenCV\"/>
		</Unit>
		<Unit filename="/home/wangguojun/source_code/curb_detection/detection/../../../../../usr/local/share/OpenCV/OpenCVConfig.cmake">
			<Option virtualFolder="CMake Files\..\..\..\..\..\usr\local\share\OpenCV\"/>
		</Unit>
		<Unit filename="/home/wangguojun/source_code/curb_detection/detection/../../../../../usr/local/share/OpenCV/OpenCVModules-release.cmake">
			<Option virtualFolder="CMake Files\..\..\..\..\..\usr\local\share\OpenCV\"/>
		</Unit>
		<Unit filename="/home/wangguojun/source_code/curb_detection/detection/../../../../../usr/local/share/OpenCV/OpenCVModules.cmake">
			<Option virtualFolder="CMake Files\..\..\..\..\..\usr\local\share\OpenCV\"/>
		</Unit>
		<Unit filename="/home/wangguojun/source_code/curb_detection/detection/lib/CMakeLists.txt">
			<Option virtualFolder="CMake Files\lib\"/>
		</Unit>
	</Project>
</CodeBlocks_project_file>
